
Microsoft Visual Studio Solution File, Format Version 12.00
# Visual Studio 15
VisualStudioVersion = 15.0.28307.1267
MinimumVisualStudioVersion = 10.0.40219.1
Project("{FAE04EC0-301F-11D3-BF4B-00C04F79EFBC}") = "TipsTrade.VCheck", "TipsTrade.VCheck\TipsTrade.VCheck.csproj", "{7B8D61B3-C3D2-426F-89DB-174CE6253A60}"
EndProject
Project("{FAE04EC0-301F-11D3-BF4B-00C04F79EFBC}") = "Tests", "Tests\Tests.csproj", "{83140056-D861-44A4-85B9-9A37100A27FE}"
EndProject
Global
	GlobalSection(SolutionConfigurationPlatforms) = preSolution
		Debug|Any CPU = Debug|Any CPU
		Release|Any CPU = Release|Any CPU
	EndGlobalSection
	GlobalSection(ProjectConfigurationPlatforms) = postSolution
		{7B8D61B3-C3D2-426F-89DB-174CE6253A60}.Debug|Any CPU.ActiveCfg = Debug|Any CPU
		{7B8D61B3-C3D2-426F-89DB-174CE6253A60}.Debug|Any CPU.Build.0 = Debug|Any CPU
		{7B8D61B3-C3D2-426F-89DB-174CE6253A60}.Release|Any CPU.ActiveCfg = Release|Any CPU
		{7B8D61B3-C3D2-426F-89DB-174CE6253A60}.Release|Any CPU.Build.0 = Release|Any CPU
		{83140056-D861-44A4-85B9-9A37100A27FE}.Debug|Any CPU.ActiveCfg = Debug|Any CPU
		{83140056-D861-44A4-85B9-9A37100A27FE}.Debug|Any CPU.Build.0 = Debug|Any CPU
		{83140056-D861-44A4-85B9-9A37100A27FE}.Release|Any CPU.ActiveCfg = Release|Any CPU
		{83140056-D861-44A4-85B9-9A37100A27FE}.Release|Any CPU.Build.0 = Release|Any CPU
	EndGlobalSection
	GlobalSection(SolutionProperties) = preSolution
		HideSolutionNode = FALSE
	EndGlobalSection
	GlobalSection(ExtensibilityGlobals) = postSolution
		SolutionGuid = {FF3E9D7C-CD10-4D7C-85A6-9CD7DDAEE6A6}
	EndGlobalSection
EndGlobal
